
Microsoft Visual Studio Solution File, Format Version 12.00
# Visual Studio Version 17
VisualStudioVersion = 17.4.33403.182
MinimumVisualStudioVersion = 10.0.40219.1
Project("{9A19103F-16F7-4668-BE54-9A1E7A4F7556}") = "qwerty", "qwerty.csproj", "{30054B02-6E2C-4507-80F5-D9F9091542D9}"
EndProject
Project("{9A19103F-16F7-4668-BE54-9A1E7A4F7556}") = "qwerty.Desktop", "..\qwerty.Desktop\qwerty.Desktop.csproj", "{578DA886-AEA3-459B-95AE-FF054521C366}"
EndProject
Global
	GlobalSection(SolutionConfigurationPlatforms) = preSolution
		Debug|Any CPU = Debug|Any CPU
		Release|Any CPU = Release|Any CPU
	EndGlobalSection
	GlobalSection(ProjectConfigurationPlatforms) = postSolution
		{30054B02-6E2C-4507-80F5-D9F9091542D9}.Debug|Any CPU.ActiveCfg = Debug|Any CPU
		{30054B02-6E2C-4507-80F5-D9F9091542D9}.Debug|Any CPU.Build.0 = Debug|Any CPU
		{30054B02-6E2C-4507-80F5-D9F9091542D9}.Release|Any CPU.ActiveCfg = Release|Any CPU
		{30054B02-6E2C-4507-80F5-D9F9091542D9}.Release|Any CPU.Build.0 = Release|Any CPU
		{578DA886-AEA3-459B-95AE-FF054521C366}.Debug|Any CPU.ActiveCfg = Debug|Any CPU
		{578DA886-AEA3-459B-95AE-FF054521C366}.Debug|Any CPU.Build.0 = Debug|Any CPU
		{578DA886-AEA3-459B-95AE-FF054521C366}.Release|Any CPU.ActiveCfg = Release|Any CPU
		{578DA886-AEA3-459B-95AE-FF054521C366}.Release|Any CPU.Build.0 = Release|Any CPU
	EndGlobalSection
	GlobalSection(SolutionProperties) = preSolution
		HideSolutionNode = FALSE
	EndGlobalSection
	GlobalSection(ExtensibilityGlobals) = postSolution
		SolutionGuid = {F62CE793-6BCC-48A9-8C27-FC6230E74ED4}
	EndGlobalSection
EndGlobal
